
Microsoft Visual Studio Solution File, Format Version 12.00
# Visual Studio Version 17
VisualStudioVersion = 17.11.35327.3
MinimumVisualStudioVersion = 10.0.40219.1
Project("{FAE04EC0-301F-11D3-BF4B-00C04F79EFBC}") = "Lab03", "Lab03\Lab03.csproj", "{70125B32-900F-485D-B0A8-A13C85C9B661}"
EndProject
Project("{FAE04EC0-301F-11D3-BF4B-00C04F79EFBC}") = "Lab03.2", "Lab03.2\Lab03.2.csproj", "{90163393-F3FA-4EDF-9C2E-AC692F9A65DA}"
EndProject
Project("{FAE04EC0-301F-11D3-BF4B-00C04F79EFBC}") = "Lab03.3", "Lab03.3\Lab03.3.csproj", "{572E3B20-EF26-4674-B1EF-04FB9B493EAE}"
EndProject
Project("{FAE04EC0-301F-11D3-BF4B-00C04F79EFBC}") = "Lab03.4", "Lab03.4\Lab03.4.csproj", "{0206711B-304C-48E1-AE66-2EC9F3660770}"
EndProject
Project("{FAE04EC0-301F-11D3-BF4B-00C04F79EFBC}") = "Lab03.ex1", "Lab03.ex1\Lab03.ex1.csproj", "{BAEE6D0D-9038-4EB2-BC5B-7E0034416399}"
EndProject
Project("{FAE04EC0-301F-11D3-BF4B-00C04F79EFBC}") = "Lab03.ex2", "Lab03.ex2\Lab03.ex2.csproj", "{3A9278D9-2AE5-4948-8A21-64A6866B4E88}"
EndProject
Global
	GlobalSection(SolutionConfigurationPlatforms) = preSolution
		Debug|Any CPU = Debug|Any CPU
		Release|Any CPU = Release|Any CPU
	EndGlobalSection
	GlobalSection(ProjectConfigurationPlatforms) = postSolution
		{70125B32-900F-485D-B0A8-A13C85C9B661}.Debug|Any CPU.ActiveCfg = Debug|Any CPU
		{70125B32-900F-485D-B0A8-A13C85C9B661}.Debug|Any CPU.Build.0 = Debug|Any CPU
		{70125B32-900F-485D-B0A8-A13C85C9B661}.Release|Any CPU.ActiveCfg = Release|Any CPU
		{70125B32-900F-485D-B0A8-A13C85C9B661}.Release|Any CPU.Build.0 = Release|Any CPU
		{90163393-F3FA-4EDF-9C2E-AC692F9A65DA}.Debug|Any CPU.ActiveCfg = Debug|Any CPU
		{90163393-F3FA-4EDF-9C2E-AC692F9A65DA}.Debug|Any CPU.Build.0 = Debug|Any CPU
		{90163393-F3FA-4EDF-9C2E-AC692F9A65DA}.Release|Any CPU.ActiveCfg = Release|Any CPU
		{90163393-F3FA-4EDF-9C2E-AC692F9A65DA}.Release|Any CPU.Build.0 = Release|Any CPU
		{572E3B20-EF26-4674-B1EF-04FB9B493EAE}.Debug|Any CPU.ActiveCfg = Debug|Any CPU
		{572E3B20-EF26-4674-B1EF-04FB9B493EAE}.Debug|Any CPU.Build.0 = Debug|Any CPU
		{572E3B20-EF26-4674-B1EF-04FB9B493EAE}.Release|Any CPU.ActiveCfg = Release|Any CPU
		{572E3B20-EF26-4674-B1EF-04FB9B493EAE}.Release|Any CPU.Build.0 = Release|Any CPU
		{0206711B-304C-48E1-AE66-2EC9F3660770}.Debug|Any CPU.ActiveCfg = Debug|Any CPU
		{0206711B-304C-48E1-AE66-2EC9F3660770}.Debug|Any CPU.Build.0 = Debug|Any CPU
		{0206711B-304C-48E1-AE66-2EC9F3660770}.Release|Any CPU.ActiveCfg = Release|Any CPU
		{0206711B-304C-48E1-AE66-2EC9F3660770}.Release|Any CPU.Build.0 = Release|Any CPU
		{BAEE6D0D-9038-4EB2-BC5B-7E0034416399}.Debug|Any CPU.ActiveCfg = Debug|Any CPU
		{BAEE6D0D-9038-4EB2-BC5B-7E0034416399}.Debug|Any CPU.Build.0 = Debug|Any CPU
		{BAEE6D0D-9038-4EB2-BC5B-7E0034416399}.Release|Any CPU.ActiveCfg = Release|Any CPU
		{BAEE6D0D-9038-4EB2-BC5B-7E0034416399}.Release|Any CPU.Build.0 = Release|Any CPU
		{3A9278D9-2AE5-4948-8A21-64A6866B4E88}.Debug|Any CPU.ActiveCfg = Debug|Any CPU
		{3A9278D9-2AE5-4948-8A21-64A6866B4E88}.Debug|Any CPU.Build.0 = Debug|Any CPU
		{3A9278D9-2AE5-4948-8A21-64A6866B4E88}.Release|Any CPU.ActiveCfg = Release|Any CPU
		{3A9278D9-2AE5-4948-8A21-64A6866B4E88}.Release|Any CPU.Build.0 = Release|Any CPU
	EndGlobalSection
	GlobalSection(SolutionProperties) = preSolution
		HideSolutionNode = FALSE
	EndGlobalSection
	GlobalSection(ExtensibilityGlobals) = postSolution
		SolutionGuid = {DCE5000C-21E8-4D8D-9181-D859BB5CC900}
	EndGlobalSection
EndGlobal
